
Microsoft Visual Studio Solution File, Format Version 12.00
# Visual Studio Version 17
VisualStudioVersion = 17.0.31912.275
MinimumVisualStudioVersion = 10.0.40219.1
Project("{54A90642-561A-4BB1-A94E-469ADEE60C69}") = "HalloInfinityReactProj", "HalloInfinityReactProj\HalloInfinityReactProj.esproj", "{97937D30-DD70-4458-AAC8-B383D3F59BDC}"
EndProject
Global
	GlobalSection(SolutionConfigurationPlatforms) = preSolution
		Debug|Any CPU = Debug|Any CPU
		Release|Any CPU = Release|Any CPU
	EndGlobalSection
	GlobalSection(ProjectConfigurationPlatforms) = postSolution
		{97937D30-DD70-4458-AAC8-B383D3F59BDC}.Debug|Any CPU.ActiveCfg = Debug|Any CPU
		{97937D30-DD70-4458-AAC8-B383D3F59BDC}.Debug|Any CPU.Build.0 = Debug|Any CPU
		{97937D30-DD70-4458-AAC8-B383D3F59BDC}.Debug|Any CPU.Deploy.0 = Debug|Any CPU
		{97937D30-DD70-4458-AAC8-B383D3F59BDC}.Release|Any CPU.ActiveCfg = Release|Any CPU
		{97937D30-DD70-4458-AAC8-B383D3F59BDC}.Release|Any CPU.Build.0 = Release|Any CPU
		{97937D30-DD70-4458-AAC8-B383D3F59BDC}.Release|Any CPU.Deploy.0 = Release|Any CPU
	EndGlobalSection
	GlobalSection(SolutionProperties) = preSolution
		HideSolutionNode = FALSE
	EndGlobalSection
	GlobalSection(ExtensibilityGlobals) = postSolution
		SolutionGuid = {2A014FD0-0549-47C9-93A8-C443BFBC852E}
	EndGlobalSection
EndGlobal
